
Microsoft Visual Studio Solution File, Format Version 12.00
# Visual Studio 15
VisualStudioVersion = 15.0.28307.1321
MinimumVisualStudioVersion = 10.0.40219.1
Project("{FAE04EC0-301F-11D3-BF4B-00C04F79EFBC}") = "Admin", "Client\Admin.csproj", "{929FF67B-F102-47CD-9D24-D97DAC2A4390}"
EndProject
Project("{FAE04EC0-301F-11D3-BF4B-00C04F79EFBC}") = "QLGT_API", "QLGT_API\QLGT_API.csproj", "{CD56DE62-F1DC-4C3A-A50D-301E51347268}"
EndProject
Project("{FAE04EC0-301F-11D3-BF4B-00C04F79EFBC}") = "WebClient", "WebClient\WebClient.csproj", "{60C6A778-E7CE-42F8-80BD-9FA3F8AE8F44}"
EndProject
Project("{FAE04EC0-301F-11D3-BF4B-00C04F79EFBC}") = "MobileClient.Android", "MobileClient\MobileClient.Android\MobileClient.Android.csproj", "{C896B192-B849-41B9-A8CF-FD49ED42D01F}"
EndProject
Project("{FAE04EC0-301F-11D3-BF4B-00C04F79EFBC}") = "MobileClient", "MobileClient\MobileClient\MobileClient.csproj", "{01646218-17C0-47B7-B182-B1922DF5B1AF}"
EndProject
Global
	GlobalSection(SolutionConfigurationPlatforms) = preSolution
		Debug|Any CPU = Debug|Any CPU
		Release|Any CPU = Release|Any CPU
	EndGlobalSection
	GlobalSection(ProjectConfigurationPlatforms) = postSolution
		{929FF67B-F102-47CD-9D24-D97DAC2A4390}.Debug|Any CPU.ActiveCfg = Debug|Any CPU
		{929FF67B-F102-47CD-9D24-D97DAC2A4390}.Debug|Any CPU.Build.0 = Debug|Any CPU
		{929FF67B-F102-47CD-9D24-D97DAC2A4390}.Release|Any CPU.ActiveCfg = Release|Any CPU
		{929FF67B-F102-47CD-9D24-D97DAC2A4390}.Release|Any CPU.Build.0 = Release|Any CPU
		{CD56DE62-F1DC-4C3A-A50D-301E51347268}.Debug|Any CPU.ActiveCfg = Debug|Any CPU
		{CD56DE62-F1DC-4C3A-A50D-301E51347268}.Debug|Any CPU.Build.0 = Debug|Any CPU
		{CD56DE62-F1DC-4C3A-A50D-301E51347268}.Release|Any CPU.ActiveCfg = Release|Any CPU
		{CD56DE62-F1DC-4C3A-A50D-301E51347268}.Release|Any CPU.Build.0 = Release|Any CPU
		{60C6A778-E7CE-42F8-80BD-9FA3F8AE8F44}.Debug|Any CPU.ActiveCfg = Debug|Any CPU
		{60C6A778-E7CE-42F8-80BD-9FA3F8AE8F44}.Debug|Any CPU.Build.0 = Debug|Any CPU
		{60C6A778-E7CE-42F8-80BD-9FA3F8AE8F44}.Release|Any CPU.ActiveCfg = Release|Any CPU
		{60C6A778-E7CE-42F8-80BD-9FA3F8AE8F44}.Release|Any CPU.Build.0 = Release|Any CPU
		{C896B192-B849-41B9-A8CF-FD49ED42D01F}.Debug|Any CPU.ActiveCfg = Debug|Any CPU
		{C896B192-B849-41B9-A8CF-FD49ED42D01F}.Debug|Any CPU.Build.0 = Debug|Any CPU
		{C896B192-B849-41B9-A8CF-FD49ED42D01F}.Debug|Any CPU.Deploy.0 = Debug|Any CPU
		{C896B192-B849-41B9-A8CF-FD49ED42D01F}.Release|Any CPU.ActiveCfg = Release|Any CPU
		{C896B192-B849-41B9-A8CF-FD49ED42D01F}.Release|Any CPU.Build.0 = Release|Any CPU
		{C896B192-B849-41B9-A8CF-FD49ED42D01F}.Release|Any CPU.Deploy.0 = Release|Any CPU
		{01646218-17C0-47B7-B182-B1922DF5B1AF}.Debug|Any CPU.ActiveCfg = Debug|Any CPU
		{01646218-17C0-47B7-B182-B1922DF5B1AF}.Debug|Any CPU.Build.0 = Debug|Any CPU
		{01646218-17C0-47B7-B182-B1922DF5B1AF}.Release|Any CPU.ActiveCfg = Release|Any CPU
		{01646218-17C0-47B7-B182-B1922DF5B1AF}.Release|Any CPU.Build.0 = Release|Any CPU
	EndGlobalSection
	GlobalSection(SolutionProperties) = preSolution
		HideSolutionNode = FALSE
	EndGlobalSection
	GlobalSection(ExtensibilityGlobals) = postSolution
		SolutionGuid = {55520876-EF2B-4B04-89F6-94CFCAF443E4}
	EndGlobalSection
EndGlobal
