
Microsoft Visual Studio Solution File, Format Version 12.00
# Visual Studio Version 16
VisualStudioVersion = 16.0.30413.136
MinimumVisualStudioVersion = 10.0.40219.1
Project("{FAE04EC0-301F-11D3-BF4B-00C04F79EFBC}") = "API", "1712362\API.csproj", "{5F7867E4-F2BE-47B7-BBA6-8B7D28985A28}"
EndProject
Project("{FAE04EC0-301F-11D3-BF4B-00C04F79EFBC}") = "Admin", "Client\Admin.csproj", "{929FF67B-F102-47CD-9D24-D97DAC2A4390}"
EndProject
Global
	GlobalSection(SolutionConfigurationPlatforms) = preSolution
		Debug|Any CPU = Debug|Any CPU
		Release|Any CPU = Release|Any CPU
	EndGlobalSection
	GlobalSection(ProjectConfigurationPlatforms) = postSolution
		{5F7867E4-F2BE-47B7-BBA6-8B7D28985A28}.Debug|Any CPU.ActiveCfg = Debug|Any CPU
		{5F7867E4-F2BE-47B7-BBA6-8B7D28985A28}.Debug|Any CPU.Build.0 = Debug|Any CPU
		{5F7867E4-F2BE-47B7-BBA6-8B7D28985A28}.Release|Any CPU.ActiveCfg = Release|Any CPU
		{5F7867E4-F2BE-47B7-BBA6-8B7D28985A28}.Release|Any CPU.Build.0 = Release|Any CPU
		{929FF67B-F102-47CD-9D24-D97DAC2A4390}.Debug|Any CPU.ActiveCfg = Debug|Any CPU
		{929FF67B-F102-47CD-9D24-D97DAC2A4390}.Debug|Any CPU.Build.0 = Debug|Any CPU
		{929FF67B-F102-47CD-9D24-D97DAC2A4390}.Release|Any CPU.ActiveCfg = Release|Any CPU
		{929FF67B-F102-47CD-9D24-D97DAC2A4390}.Release|Any CPU.Build.0 = Release|Any CPU
	EndGlobalSection
	GlobalSection(SolutionProperties) = preSolution
		HideSolutionNode = FALSE
	EndGlobalSection
	GlobalSection(ExtensibilityGlobals) = postSolution
		SolutionGuid = {55520876-EF2B-4B04-89F6-94CFCAF443E4}
	EndGlobalSection
EndGlobal
